
Microsoft Visual Studio Solution File, Format Version 12.00
# Visual Studio Version 17
VisualStudioVersion = 17.2.32516.85
MinimumVisualStudioVersion = 10.0.40219.1
Project("{FAE04EC0-301F-11D3-BF4B-00C04F79EFBC}") = "ConnectionHelper", "ConnectionHelper\ConnectionHelper.csproj", "{0DE1EB8E-64CB-4B8C-950D-0B5EC4484E69}"
EndProject
Project("{FAE04EC0-301F-11D3-BF4B-00C04F79EFBC}") = "WebManagement", "WebManagement\WebManagement.csproj", "{835B8210-B01E-4AAA-852C-20B4568CD6BD}"
EndProject
Project("{FAE04EC0-301F-11D3-BF4B-00C04F79EFBC}") = "HoursExportListener", "HoursExportListener\HoursExportListener.csproj", "{66106AC1-E346-4596-9BAC-0DC0F8435F53}"
EndProject
Project("{FAE04EC0-301F-11D3-BF4B-00C04F79EFBC}") = "MinutesExportListener", "MinutesExportListener\MinutesExportListener.csproj", "{66AF9F49-046A-41F4-869E-019C25DC7B57}"
EndProject
Project("{FAE04EC0-301F-11D3-BF4B-00C04F79EFBC}") = "CallBackListener", "CallBackListener\CallBackListener.csproj", "{E8664CB1-C2C2-4084-88DA-1ABB9CE1B84A}"
EndProject
Project("{FAE04EC0-301F-11D3-BF4B-00C04F79EFBC}") = "CallBackHub", "CallBackHub\CallBackHub.csproj", "{903ED68E-75FA-4259-B8C9-57665853F693}"
EndProject
Project("{FAE04EC0-301F-11D3-BF4B-00C04F79EFBC}") = "HI3CopyListener", "HI3CopyListener\HI3CopyListener.csproj", "{7401383D-C94D-4E5D-B79F-256BFA743EB0}"
EndProject
Project("{FAE04EC0-301F-11D3-BF4B-00C04F79EFBC}") = "CallReExportListener", "CallReExportListener\CallReExportListener.csproj", "{2C347A02-0F7A-4FA4-9035-56B86942900D}"
EndProject
Project("{FAE04EC0-301F-11D3-BF4B-00C04F79EFBC}") = "XMSIntellegoSync", "XMSIntellegoSync\XMSIntellegoSync.csproj", "{8C22245D-8632-42F0-B01C-02A389D1FBA4}"
EndProject
Project("{FAE04EC0-301F-11D3-BF4B-00C04F79EFBC}") = "CallbackListenerGUI", "CallbackListenerGUI\CallbackListenerGUI.csproj", "{8C5D99CF-225D-4C12-AAF5-3EB06B8B0CFF}"
EndProject
Project("{FAE04EC0-301F-11D3-BF4B-00C04F79EFBC}") = "HoursExportGUI", "HoursExportGUI\HoursExportGUI.csproj", "{99B80FAF-9163-4AE6-BCDA-7638D311BE1D}"
EndProject
Project("{FAE04EC0-301F-11D3-BF4B-00C04F79EFBC}") = "MinutesExportGUI", "MinutesExportGUI\MinutesExportGUI.csproj", "{0922D7C2-191C-43CD-AE17-DE0DCBFA7524}"
EndProject
Project("{FAE04EC0-301F-11D3-BF4B-00C04F79EFBC}") = "SyncGUI", "SyncGUI\SyncGUI.csproj", "{8540D4B4-3662-42C3-BF26-5828231484B4}"
EndProject
Project("{FAE04EC0-301F-11D3-BF4B-00C04F79EFBC}") = "BackupGUI", "BackupGUI\BackupGUI.csproj", "{2F03ED4A-3EA8-47D9-A6C1-59A5F93216D5}"
EndProject
Global
	GlobalSection(SolutionConfigurationPlatforms) = preSolution
		Debug|Any CPU = Debug|Any CPU
		Release|Any CPU = Release|Any CPU
	EndGlobalSection
	GlobalSection(ProjectConfigurationPlatforms) = postSolution
		{0DE1EB8E-64CB-4B8C-950D-0B5EC4484E69}.Debug|Any CPU.ActiveCfg = Debug|Any CPU
		{0DE1EB8E-64CB-4B8C-950D-0B5EC4484E69}.Debug|Any CPU.Build.0 = Debug|Any CPU
		{0DE1EB8E-64CB-4B8C-950D-0B5EC4484E69}.Release|Any CPU.ActiveCfg = Release|Any CPU
		{0DE1EB8E-64CB-4B8C-950D-0B5EC4484E69}.Release|Any CPU.Build.0 = Release|Any CPU
		{835B8210-B01E-4AAA-852C-20B4568CD6BD}.Debug|Any CPU.ActiveCfg = Debug|Any CPU
		{835B8210-B01E-4AAA-852C-20B4568CD6BD}.Debug|Any CPU.Build.0 = Debug|Any CPU
		{835B8210-B01E-4AAA-852C-20B4568CD6BD}.Release|Any CPU.ActiveCfg = Release|Any CPU
		{835B8210-B01E-4AAA-852C-20B4568CD6BD}.Release|Any CPU.Build.0 = Release|Any CPU
		{66106AC1-E346-4596-9BAC-0DC0F8435F53}.Debug|Any CPU.ActiveCfg = Debug|Any CPU
		{66106AC1-E346-4596-9BAC-0DC0F8435F53}.Debug|Any CPU.Build.0 = Debug|Any CPU
		{66106AC1-E346-4596-9BAC-0DC0F8435F53}.Release|Any CPU.ActiveCfg = Release|Any CPU
		{66106AC1-E346-4596-9BAC-0DC0F8435F53}.Release|Any CPU.Build.0 = Release|Any CPU
		{66AF9F49-046A-41F4-869E-019C25DC7B57}.Debug|Any CPU.ActiveCfg = Debug|Any CPU
		{66AF9F49-046A-41F4-869E-019C25DC7B57}.Debug|Any CPU.Build.0 = Debug|Any CPU
		{66AF9F49-046A-41F4-869E-019C25DC7B57}.Release|Any CPU.ActiveCfg = Release|Any CPU
		{66AF9F49-046A-41F4-869E-019C25DC7B57}.Release|Any CPU.Build.0 = Release|Any CPU
		{E8664CB1-C2C2-4084-88DA-1ABB9CE1B84A}.Debug|Any CPU.ActiveCfg = Debug|Any CPU
		{E8664CB1-C2C2-4084-88DA-1ABB9CE1B84A}.Debug|Any CPU.Build.0 = Debug|Any CPU
		{E8664CB1-C2C2-4084-88DA-1ABB9CE1B84A}.Release|Any CPU.ActiveCfg = Release|Any CPU
		{E8664CB1-C2C2-4084-88DA-1ABB9CE1B84A}.Release|Any CPU.Build.0 = Release|Any CPU
		{903ED68E-75FA-4259-B8C9-57665853F693}.Debug|Any CPU.ActiveCfg = Debug|Any CPU
		{903ED68E-75FA-4259-B8C9-57665853F693}.Debug|Any CPU.Build.0 = Debug|Any CPU
		{903ED68E-75FA-4259-B8C9-57665853F693}.Release|Any CPU.ActiveCfg = Release|Any CPU
		{903ED68E-75FA-4259-B8C9-57665853F693}.Release|Any CPU.Build.0 = Release|Any CPU
		{7401383D-C94D-4E5D-B79F-256BFA743EB0}.Debug|Any CPU.ActiveCfg = Debug|Any CPU
		{7401383D-C94D-4E5D-B79F-256BFA743EB0}.Debug|Any CPU.Build.0 = Debug|Any CPU
		{7401383D-C94D-4E5D-B79F-256BFA743EB0}.Release|Any CPU.ActiveCfg = Release|Any CPU
		{7401383D-C94D-4E5D-B79F-256BFA743EB0}.Release|Any CPU.Build.0 = Release|Any CPU
		{2C347A02-0F7A-4FA4-9035-56B86942900D}.Debug|Any CPU.ActiveCfg = Debug|Any CPU
		{2C347A02-0F7A-4FA4-9035-56B86942900D}.Debug|Any CPU.Build.0 = Debug|Any CPU
		{2C347A02-0F7A-4FA4-9035-56B86942900D}.Release|Any CPU.ActiveCfg = Release|Any CPU
		{2C347A02-0F7A-4FA4-9035-56B86942900D}.Release|Any CPU.Build.0 = Release|Any CPU
		{8C22245D-8632-42F0-B01C-02A389D1FBA4}.Debug|Any CPU.ActiveCfg = Debug|Any CPU
		{8C22245D-8632-42F0-B01C-02A389D1FBA4}.Debug|Any CPU.Build.0 = Debug|Any CPU
		{8C22245D-8632-42F0-B01C-02A389D1FBA4}.Release|Any CPU.ActiveCfg = Release|Any CPU
		{8C22245D-8632-42F0-B01C-02A389D1FBA4}.Release|Any CPU.Build.0 = Release|Any CPU
		{8C5D99CF-225D-4C12-AAF5-3EB06B8B0CFF}.Debug|Any CPU.ActiveCfg = Debug|Any CPU
		{8C5D99CF-225D-4C12-AAF5-3EB06B8B0CFF}.Debug|Any CPU.Build.0 = Debug|Any CPU
		{8C5D99CF-225D-4C12-AAF5-3EB06B8B0CFF}.Release|Any CPU.ActiveCfg = Release|Any CPU
		{8C5D99CF-225D-4C12-AAF5-3EB06B8B0CFF}.Release|Any CPU.Build.0 = Release|Any CPU
		{99B80FAF-9163-4AE6-BCDA-7638D311BE1D}.Debug|Any CPU.ActiveCfg = Debug|Any CPU
		{99B80FAF-9163-4AE6-BCDA-7638D311BE1D}.Debug|Any CPU.Build.0 = Debug|Any CPU
		{99B80FAF-9163-4AE6-BCDA-7638D311BE1D}.Release|Any CPU.ActiveCfg = Release|Any CPU
		{99B80FAF-9163-4AE6-BCDA-7638D311BE1D}.Release|Any CPU.Build.0 = Release|Any CPU
		{0922D7C2-191C-43CD-AE17-DE0DCBFA7524}.Debug|Any CPU.ActiveCfg = Debug|Any CPU
		{0922D7C2-191C-43CD-AE17-DE0DCBFA7524}.Debug|Any CPU.Build.0 = Debug|Any CPU
		{0922D7C2-191C-43CD-AE17-DE0DCBFA7524}.Release|Any CPU.ActiveCfg = Release|Any CPU
		{0922D7C2-191C-43CD-AE17-DE0DCBFA7524}.Release|Any CPU.Build.0 = Release|Any CPU
		{8540D4B4-3662-42C3-BF26-5828231484B4}.Debug|Any CPU.ActiveCfg = Debug|Any CPU
		{8540D4B4-3662-42C3-BF26-5828231484B4}.Debug|Any CPU.Build.0 = Debug|Any CPU
		{8540D4B4-3662-42C3-BF26-5828231484B4}.Release|Any CPU.ActiveCfg = Release|Any CPU
		{8540D4B4-3662-42C3-BF26-5828231484B4}.Release|Any CPU.Build.0 = Release|Any CPU
		{2F03ED4A-3EA8-47D9-A6C1-59A5F93216D5}.Debug|Any CPU.ActiveCfg = Debug|Any CPU
		{2F03ED4A-3EA8-47D9-A6C1-59A5F93216D5}.Debug|Any CPU.Build.0 = Debug|Any CPU
		{2F03ED4A-3EA8-47D9-A6C1-59A5F93216D5}.Release|Any CPU.ActiveCfg = Release|Any CPU
		{2F03ED4A-3EA8-47D9-A6C1-59A5F93216D5}.Release|Any CPU.Build.0 = Release|Any CPU
	EndGlobalSection
	GlobalSection(SolutionProperties) = preSolution
		HideSolutionNode = FALSE
	EndGlobalSection
	GlobalSection(ExtensibilityGlobals) = postSolution
		SolutionGuid = {FB380644-B2C1-434D-8C71-0C28D418C18E}
	EndGlobalSection
EndGlobal
